# @generated by Move, please check-in and do not edit manually.

[move]
version = 3
manifest_digest = "46783CCEF118CEDE1D4547F93535AA7BFA692AEE238BF87D9892F7BF43DF23C0"
deps_digest = "F8BBB0CCB2491CA29A3DF03D6F92277A4F3574266507ACD77214D37ECA3F3082"
dependencies = [
  { id = "Sui", name = "Sui" },
]

[[move.package]]
id = "MoveStdlib"
source = { git = "https://github.com/MystenLabs/sui.git", rev = "framework/testnet", subdir = "crates/sui-framework/packages/move-stdlib" }

[[move.package]]
id = "Sui"
source = { git = "https://github.com/MystenLabs/sui.git", rev = "framework/testnet", subdir = "crates/sui-framework/packages/sui-framework" }

dependencies = [
  { id = "MoveStdlib", name = "MoveStdlib" },
]

[move.toolchain-version]
compiler-version = "1.60.0"
edition = "2024"
flavor = "sui"

[env]

[env.testnet]
chain-id = "4c78adac"
original-published-id = "0x7fe284ce69c9bd0cbd43637b3a5bb961b71df27eb66ac40efe90b179bfa6df6c"
latest-published-id = "0x7fe284ce69c9bd0cbd43637b3a5bb961b71df27eb66ac40efe90b179bfa6df6c"
published-version = "1"
